
Microsoft Visual Studio Solution File, Format Version 12.00
# Visual Studio 15
Project("{FAE04EC0-301F-11D3-BF4B-00C04F79EFBC}") = "HemaSite.DTO", "HemaSite.DTO.csproj", "{43153D6D-F076-4982-A55C-84CA82453E80}"
EndProject
Global
	GlobalSection(SolutionConfigurationPlatforms) = preSolution
		Debug|Any CPU = Debug|Any CPU
		Release|Any CPU = Release|Any CPU
	EndGlobalSection
	GlobalSection(ProjectConfigurationPlatforms) = postSolution
		{43153D6D-F076-4982-A55C-84CA82453E80}.Debug|Any CPU.ActiveCfg = Debug|Any CPU
		{43153D6D-F076-4982-A55C-84CA82453E80}.Debug|Any CPU.Build.0 = Debug|Any CPU
		{43153D6D-F076-4982-A55C-84CA82453E80}.Release|Any CPU.ActiveCfg = Release|Any CPU
		{43153D6D-F076-4982-A55C-84CA82453E80}.Release|Any CPU.Build.0 = Release|Any CPU
	EndGlobalSection
EndGlobal
